<?xml version="1.0" encoding="utf-8"?>
<Project ToolsVersion="4.0" xmlns="http://schemas.microsoft.com/developer/msbuild/2003">
  <ItemGroup>
    <ClCompile Include="..\3rdparty\tinyxml2\tinyxml2.cpp" />
    <ClCompile Include="ae.cpp" />
    <ClCompile Include="ai_list.cpp" />
    <ClCompile Include="ammobox.cpp" />
    <ClCompile Include="bullet.cpp" />
    <ClCompile Include="Character_list.cpp" />
    <ClCompile Include="collision.cpp" />
    <ClCompile Include="deletion_list.cpp" />
    <ClCompile Include="duck.cpp" />
    <ClCompile Include="hunter.cpp" />
    <ClCompile Include="hunter_ai.cpp" />
    <ClCompile Include="IHealthable.cpp" />
    <ClCompile Include="level.cpp" />
    <ClCompile Include="log.cpp" />
    <ClCompile Include="render_list.cpp" />
    <ClCompile Include="Shootable.cpp" />
    <ClCompile Include="world.cpp" />
    <ClCompile Include="ammobox_list.cpp" />
  </ItemGroup>
  <ItemGroup>
    <ClInclude Include="ae.h" />
    <ClInclude Include="Character_list.h" />
    <ClInclude Include="IAI_Character.h" />
    <ClInclude Include="ai_list.h" />
    <ClInclude Include="ammobox.h" />
    <ClInclude Include="bullet.h" />
    <ClInclude Include="collision.h" />
    <ClInclude Include="decision_tree.h" />
    <ClInclude Include="deletion_list.h" />
    <ClInclude Include="duck.h" />
    <ClInclude Include="ICharacter.h" />
    <ClInclude Include="IHealthable.h" />
    <ClInclude Include="input.h" />
    <ClInclude Include="hunter.h" />
    <ClInclude Include="hunter_ai.h" />
    <ClInclude Include="level.h" />
    <ClInclude Include="log.h" />
    <ClInclude Include="IPhysable.h" />
    <ClInclude Include="IRenderable.h" />
    <ClInclude Include="render_list.h" />
    <ClInclude Include="IShootable.h" />
    <ClInclude Include="vertex.h" />
    <ClInclude Include="world.h" />
    <ClInclude Include="ammobox_list.h" />
  </ItemGroup>
  <ItemGroup>
    <Xml Include="test_level.tmx" />
  </ItemGroup>
  <ItemGroup>
    <Image Include="atlas.png" />
  </ItemGroup>
  <ItemGroup>
    <None Include="hunter_ai_tree.pptx" />
  </ItemGroup>
</Project>